
Microsoft Visual Studio Solution File, Format Version 12.00
# Visual Studio Version 16
VisualStudioVersion = 16.0.28803.156
MinimumVisualStudioVersion = 10.0.40219.1
Project("{FAE04EC0-301F-11D3-BF4B-00C04F79EFBC}") = "CommandContext.NetFramework", "CommandContext.NetFramework\CommandContext.NetFramework.csproj", "{68F03B89-C338-4B20-AF5D-39D2D7AEC6BB}"
EndProject
Project("{FAE04EC0-301F-11D3-BF4B-00C04F79EFBC}") = "CommandContext.Sample.NetFramework", "CommandContext.Sample.NetFramework\CommandContext.Sample.NetFramework.csproj", "{90DDE7F6-EE68-49E2-9B36-2D61C0C242A8}"
EndProject
Project("{FAE04EC0-301F-11D3-BF4B-00C04F79EFBC}") = "CommandContext.Tests", "CommandContext.Tests\CommandContext.Tests.csproj", "{27B71B2A-3C8C-4C2F-9FDC-DAD9114D02B8}"
EndProject
Project("{9A19103F-16F7-4668-BE54-9A1E7A4F7556}") = "CommandContext.Sample.NetCore", "CommandContext.Sample.NetCore\CommandContext.Sample.NetCore.csproj", "{7151594C-51FB-4DF1-9ACB-267BEF05FB7E}"
EndProject
Project("{FAE04EC0-301F-11D3-BF4B-00C04F79EFBC}") = "CommandContext.NetCore", "CommandContext.NetCore\CommandContext.NetCore.csproj", "{2025E5AB-9F77-4545-8961-EF5A43C11FAE}"
EndProject
Global
	GlobalSection(SolutionConfigurationPlatforms) = preSolution
		Debug|Any CPU = Debug|Any CPU
		Release|Any CPU = Release|Any CPU
	EndGlobalSection
	GlobalSection(ProjectConfigurationPlatforms) = postSolution
		{68F03B89-C338-4B20-AF5D-39D2D7AEC6BB}.Debug|Any CPU.ActiveCfg = Debug|Any CPU
		{68F03B89-C338-4B20-AF5D-39D2D7AEC6BB}.Debug|Any CPU.Build.0 = Debug|Any CPU
		{68F03B89-C338-4B20-AF5D-39D2D7AEC6BB}.Release|Any CPU.ActiveCfg = Release|Any CPU
		{68F03B89-C338-4B20-AF5D-39D2D7AEC6BB}.Release|Any CPU.Build.0 = Release|Any CPU
		{90DDE7F6-EE68-49E2-9B36-2D61C0C242A8}.Debug|Any CPU.ActiveCfg = Debug|Any CPU
		{90DDE7F6-EE68-49E2-9B36-2D61C0C242A8}.Debug|Any CPU.Build.0 = Debug|Any CPU
		{90DDE7F6-EE68-49E2-9B36-2D61C0C242A8}.Release|Any CPU.ActiveCfg = Release|Any CPU
		{90DDE7F6-EE68-49E2-9B36-2D61C0C242A8}.Release|Any CPU.Build.0 = Release|Any CPU
		{27B71B2A-3C8C-4C2F-9FDC-DAD9114D02B8}.Debug|Any CPU.ActiveCfg = Debug|Any CPU
		{27B71B2A-3C8C-4C2F-9FDC-DAD9114D02B8}.Debug|Any CPU.Build.0 = Debug|Any CPU
		{27B71B2A-3C8C-4C2F-9FDC-DAD9114D02B8}.Release|Any CPU.ActiveCfg = Release|Any CPU
		{27B71B2A-3C8C-4C2F-9FDC-DAD9114D02B8}.Release|Any CPU.Build.0 = Release|Any CPU
		{7151594C-51FB-4DF1-9ACB-267BEF05FB7E}.Debug|Any CPU.ActiveCfg = Debug|Any CPU
		{7151594C-51FB-4DF1-9ACB-267BEF05FB7E}.Debug|Any CPU.Build.0 = Debug|Any CPU
		{7151594C-51FB-4DF1-9ACB-267BEF05FB7E}.Release|Any CPU.ActiveCfg = Release|Any CPU
		{7151594C-51FB-4DF1-9ACB-267BEF05FB7E}.Release|Any CPU.Build.0 = Release|Any CPU
		{2025E5AB-9F77-4545-8961-EF5A43C11FAE}.Debug|Any CPU.ActiveCfg = Debug|Any CPU
		{2025E5AB-9F77-4545-8961-EF5A43C11FAE}.Debug|Any CPU.Build.0 = Debug|Any CPU
		{2025E5AB-9F77-4545-8961-EF5A43C11FAE}.Release|Any CPU.ActiveCfg = Release|Any CPU
		{2025E5AB-9F77-4545-8961-EF5A43C11FAE}.Release|Any CPU.Build.0 = Release|Any CPU
	EndGlobalSection
	GlobalSection(SolutionProperties) = preSolution
		HideSolutionNode = FALSE
	EndGlobalSection
	GlobalSection(ExtensibilityGlobals) = postSolution
		SolutionGuid = {BF23DD43-313A-43E4-8288-0CA9ABD1627B}
	EndGlobalSection
EndGlobal
